
Microsoft Visual Studio Solution File, Format Version 12.00
# Visual Studio Version 16
VisualStudioVersion = 16.0.32126.315
MinimumVisualStudioVersion = 10.0.40219.1
Project("{8BC9CEB8-8B4A-11D0-8D11-00A0C91BC942}") = "Task1", "Task1\Task1.vcxproj", "{6009C37A-1023-4629-9E6E-D7C49FCDB584}"
EndProject
Project("{2150E333-8FDC-42A3-9474-1A3956D46DE8}") = "Solution Items", "Solution Items", "{2DFFBFEB-4370-4D04-8D47-6C062135CBC9}"
	ProjectSection(SolutionItems) = preProject
		README.md = README.md
	EndProjectSection
EndProject
Project("{8BC9CEB8-8B4A-11D0-8D11-00A0C91BC942}") = "ThemeGame", "ThemeGame\ThemeGame.vcxproj", "{40B91575-6A7A-4A51-89E8-A7BB35DC9D14}"
EndProject
Project("{8BC9CEB8-8B4A-11D0-8D11-00A0C91BC942}") = "Task2", "Task2\Task2.vcxproj", "{33E39D30-13E0-4889-957C-8DF36ED7A026}"
EndProject
Project("{8BC9CEB8-8B4A-11D0-8D11-00A0C91BC942}") = "Task3", "Task3\Task3.vcxproj", "{42459762-787A-4C42-8347-B910FE45D27F}"
EndProject
Project("{8BC9CEB8-8B4A-11D0-8D11-00A0C91BC942}") = "ThemeGraph", "ThemeGraph\ThemeGraph.vcxproj", "{E227493F-89F3-4C83-8EA0-11763B28CFBE}"
EndProject
Project("{8BC9CEB8-8B4A-11D0-8D11-00A0C91BC942}") = "Test", "Test\Test.vcxproj", "{748F7AF7-A17D-4CE1-9A7D-912A91D8826F}"
EndProject
Project("{8BC9CEB8-8B4A-11D0-8D11-00A0C91BC942}") = "ThemeProgramms", "ThemeProgramms\ThemeProgramms.vcxproj", "{D45C9913-63DF-4D1D-ACFA-BC56DD95CCC7}"
EndProject
Project("{8BC9CEB8-8B4A-11D0-8D11-00A0C91BC942}") = "Task4", "Task4\Task4.vcxproj", "{FECF089B-A24B-485D-AB0D-5AC3B228C44A}"
EndProject
Project("{8BC9CEB8-8B4A-11D0-8D11-00A0C91BC942}") = "Task5", "Task5\Task5.vcxproj", "{57B66D15-0FFE-43BD-A706-72A11F34F7C0}"
EndProject
Project("{8BC9CEB8-8B4A-11D0-8D11-00A0C91BC942}") = "Task6", "Task6\Task6.vcxproj", "{513CCFE3-6EE4-4E89-A6FC-4F6320EDFB94}"
EndProject
Project("{8BC9CEB8-8B4A-11D0-8D11-00A0C91BC942}") = "Task7", "Task7\Task7.vcxproj", "{18888AB3-9191-41AE-81AF-F185395CDA4D}"
EndProject
Project("{8BC9CEB8-8B4A-11D0-8D11-00A0C91BC942}") = "Task8", "Task8\Task8.vcxproj", "{F40383C2-5D5F-48B7-AA22-101700C02ED0}"
EndProject
Project("{8BC9CEB8-8B4A-11D0-8D11-00A0C91BC942}") = "Task9", "Task9\Task9.vcxproj", "{B6FA8926-78F3-458D-A455-58777E9D5C79}"
EndProject
Project("{8BC9CEB8-8B4A-11D0-8D11-00A0C91BC942}") = "Task10", "Task10\Task10.vcxproj", "{DA5F7F49-92DC-4D3E-998B-594EDEECE998}"
EndProject
Project("{8BC9CEB8-8B4A-11D0-8D11-00A0C91BC942}") = "Year2_Task1", "Year2_Task1\Year2_Task1.vcxproj", "{D130747B-7C0F-4A34-B027-C8D4E5CEE456}"
EndProject
Project("{8BC9CEB8-8B4A-11D0-8D11-00A0C91BC942}") = "Year2_Task2", "Year2_Task2\Year2_Task2.vcxproj", "{080E68F1-5D1F-4412-9645-1BA4CAF03393}"
EndProject
Global
	GlobalSection(SolutionConfigurationPlatforms) = preSolution
		Debug|x64 = Debug|x64
		Debug|x86 = Debug|x86
		Release|x64 = Release|x64
		Release|x86 = Release|x86
	EndGlobalSection
	GlobalSection(ProjectConfigurationPlatforms) = postSolution
		{6009C37A-1023-4629-9E6E-D7C49FCDB584}.Debug|x64.ActiveCfg = Debug|x64
		{6009C37A-1023-4629-9E6E-D7C49FCDB584}.Debug|x64.Build.0 = Debug|x64
		{6009C37A-1023-4629-9E6E-D7C49FCDB584}.Debug|x86.ActiveCfg = Debug|Win32
		{6009C37A-1023-4629-9E6E-D7C49FCDB584}.Debug|x86.Build.0 = Debug|Win32
		{6009C37A-1023-4629-9E6E-D7C49FCDB584}.Release|x64.ActiveCfg = Release|x64
		{6009C37A-1023-4629-9E6E-D7C49FCDB584}.Release|x64.Build.0 = Release|x64
		{6009C37A-1023-4629-9E6E-D7C49FCDB584}.Release|x86.ActiveCfg = Release|Win32
		{6009C37A-1023-4629-9E6E-D7C49FCDB584}.Release|x86.Build.0 = Release|Win32
		{40B91575-6A7A-4A51-89E8-A7BB35DC9D14}.Debug|x64.ActiveCfg = Debug|x64
		{40B91575-6A7A-4A51-89E8-A7BB35DC9D14}.Debug|x64.Build.0 = Debug|x64
		{40B91575-6A7A-4A51-89E8-A7BB35DC9D14}.Debug|x86.ActiveCfg = Debug|Win32
		{40B91575-6A7A-4A51-89E8-A7BB35DC9D14}.Debug|x86.Build.0 = Debug|Win32
		{40B91575-6A7A-4A51-89E8-A7BB35DC9D14}.Release|x64.ActiveCfg = Release|x64
		{40B91575-6A7A-4A51-89E8-A7BB35DC9D14}.Release|x64.Build.0 = Release|x64
		{40B91575-6A7A-4A51-89E8-A7BB35DC9D14}.Release|x86.ActiveCfg = Release|Win32
		{40B91575-6A7A-4A51-89E8-A7BB35DC9D14}.Release|x86.Build.0 = Release|Win32
		{33E39D30-13E0-4889-957C-8DF36ED7A026}.Debug|x64.ActiveCfg = Debug|x64
		{33E39D30-13E0-4889-957C-8DF36ED7A026}.Debug|x64.Build.0 = Debug|x64
		{33E39D30-13E0-4889-957C-8DF36ED7A026}.Debug|x86.ActiveCfg = Debug|Win32
		{33E39D30-13E0-4889-957C-8DF36ED7A026}.Debug|x86.Build.0 = Debug|Win32
		{33E39D30-13E0-4889-957C-8DF36ED7A026}.Release|x64.ActiveCfg = Release|x64
		{33E39D30-13E0-4889-957C-8DF36ED7A026}.Release|x64.Build.0 = Release|x64
		{33E39D30-13E0-4889-957C-8DF36ED7A026}.Release|x86.ActiveCfg = Release|Win32
		{33E39D30-13E0-4889-957C-8DF36ED7A026}.Release|x86.Build.0 = Release|Win32
		{42459762-787A-4C42-8347-B910FE45D27F}.Debug|x64.ActiveCfg = Debug|x64
		{42459762-787A-4C42-8347-B910FE45D27F}.Debug|x64.Build.0 = Debug|x64
		{42459762-787A-4C42-8347-B910FE45D27F}.Debug|x86.ActiveCfg = Debug|Win32
		{42459762-787A-4C42-8347-B910FE45D27F}.Debug|x86.Build.0 = Debug|Win32
		{42459762-787A-4C42-8347-B910FE45D27F}.Release|x64.ActiveCfg = Release|x64
		{42459762-787A-4C42-8347-B910FE45D27F}.Release|x64.Build.0 = Release|x64
		{42459762-787A-4C42-8347-B910FE45D27F}.Release|x86.ActiveCfg = Release|Win32
		{42459762-787A-4C42-8347-B910FE45D27F}.Release|x86.Build.0 = Release|Win32
		{E227493F-89F3-4C83-8EA0-11763B28CFBE}.Debug|x64.ActiveCfg = Debug|x64
		{E227493F-89F3-4C83-8EA0-11763B28CFBE}.Debug|x64.Build.0 = Debug|x64
		{E227493F-89F3-4C83-8EA0-11763B28CFBE}.Debug|x86.ActiveCfg = Debug|Win32
		{E227493F-89F3-4C83-8EA0-11763B28CFBE}.Debug|x86.Build.0 = Debug|Win32
		{E227493F-89F3-4C83-8EA0-11763B28CFBE}.Release|x64.ActiveCfg = Release|x64
		{E227493F-89F3-4C83-8EA0-11763B28CFBE}.Release|x64.Build.0 = Release|x64
		{E227493F-89F3-4C83-8EA0-11763B28CFBE}.Release|x86.ActiveCfg = Release|Win32
		{E227493F-89F3-4C83-8EA0-11763B28CFBE}.Release|x86.Build.0 = Release|Win32
		{748F7AF7-A17D-4CE1-9A7D-912A91D8826F}.Debug|x64.ActiveCfg = Debug|x64
		{748F7AF7-A17D-4CE1-9A7D-912A91D8826F}.Debug|x64.Build.0 = Debug|x64
		{748F7AF7-A17D-4CE1-9A7D-912A91D8826F}.Debug|x86.ActiveCfg = Debug|Win32
		{748F7AF7-A17D-4CE1-9A7D-912A91D8826F}.Debug|x86.Build.0 = Debug|Win32
		{748F7AF7-A17D-4CE1-9A7D-912A91D8826F}.Release|x64.ActiveCfg = Release|x64
		{748F7AF7-A17D-4CE1-9A7D-912A91D8826F}.Release|x64.Build.0 = Release|x64
		{748F7AF7-A17D-4CE1-9A7D-912A91D8826F}.Release|x86.ActiveCfg = Release|Win32
		{748F7AF7-A17D-4CE1-9A7D-912A91D8826F}.Release|x86.Build.0 = Release|Win32
		{D45C9913-63DF-4D1D-ACFA-BC56DD95CCC7}.Debug|x64.ActiveCfg = Debug|x64
		{D45C9913-63DF-4D1D-ACFA-BC56DD95CCC7}.Debug|x64.Build.0 = Debug|x64
		{D45C9913-63DF-4D1D-ACFA-BC56DD95CCC7}.Debug|x86.ActiveCfg = Debug|Win32
		{D45C9913-63DF-4D1D-ACFA-BC56DD95CCC7}.Debug|x86.Build.0 = Debug|Win32
		{D45C9913-63DF-4D1D-ACFA-BC56DD95CCC7}.Release|x64.ActiveCfg = Release|x64
		{D45C9913-63DF-4D1D-ACFA-BC56DD95CCC7}.Release|x64.Build.0 = Release|x64
		{D45C9913-63DF-4D1D-ACFA-BC56DD95CCC7}.Release|x86.ActiveCfg = Release|Win32
		{D45C9913-63DF-4D1D-ACFA-BC56DD95CCC7}.Release|x86.Build.0 = Release|Win32
		{FECF089B-A24B-485D-AB0D-5AC3B228C44A}.Debug|x64.ActiveCfg = Debug|x64
		{FECF089B-A24B-485D-AB0D-5AC3B228C44A}.Debug|x64.Build.0 = Debug|x64
		{FECF089B-A24B-485D-AB0D-5AC3B228C44A}.Debug|x86.ActiveCfg = Debug|Win32
		{FECF089B-A24B-485D-AB0D-5AC3B228C44A}.Debug|x86.Build.0 = Debug|Win32
		{FECF089B-A24B-485D-AB0D-5AC3B228C44A}.Release|x64.ActiveCfg = Release|x64
		{FECF089B-A24B-485D-AB0D-5AC3B228C44A}.Release|x64.Build.0 = Release|x64
		{FECF089B-A24B-485D-AB0D-5AC3B228C44A}.Release|x86.ActiveCfg = Release|Win32
		{FECF089B-A24B-485D-AB0D-5AC3B228C44A}.Release|x86.Build.0 = Release|Win32
		{57B66D15-0FFE-43BD-A706-72A11F34F7C0}.Debug|x64.ActiveCfg = Debug|x64
		{57B66D15-0FFE-43BD-A706-72A11F34F7C0}.Debug|x64.Build.0 = Debug|x64
		{57B66D15-0FFE-43BD-A706-72A11F34F7C0}.Debug|x86.ActiveCfg = Debug|Win32
		{57B66D15-0FFE-43BD-A706-72A11F34F7C0}.Debug|x86.Build.0 = Debug|Win32
		{57B66D15-0FFE-43BD-A706-72A11F34F7C0}.Release|x64.ActiveCfg = Release|x64
		{57B66D15-0FFE-43BD-A706-72A11F34F7C0}.Release|x64.Build.0 = Release|x64
		{57B66D15-0FFE-43BD-A706-72A11F34F7C0}.Release|x86.ActiveCfg = Release|Win32
		{57B66D15-0FFE-43BD-A706-72A11F34F7C0}.Release|x86.Build.0 = Release|Win32
		{513CCFE3-6EE4-4E89-A6FC-4F6320EDFB94}.Debug|x64.ActiveCfg = Debug|x64
		{513CCFE3-6EE4-4E89-A6FC-4F6320EDFB94}.Debug|x64.Build.0 = Debug|x64
		{513CCFE3-6EE4-4E89-A6FC-4F6320EDFB94}.Debug|x86.ActiveCfg = Debug|Win32
		{513CCFE3-6EE4-4E89-A6FC-4F6320EDFB94}.Debug|x86.Build.0 = Debug|Win32
		{513CCFE3-6EE4-4E89-A6FC-4F6320EDFB94}.Release|x64.ActiveCfg = Release|x64
		{513CCFE3-6EE4-4E89-A6FC-4F6320EDFB94}.Release|x64.Build.0 = Release|x64
		{513CCFE3-6EE4-4E89-A6FC-4F6320EDFB94}.Release|x86.ActiveCfg = Release|Win32
		{513CCFE3-6EE4-4E89-A6FC-4F6320EDFB94}.Release|x86.Build.0 = Release|Win32
		{18888AB3-9191-41AE-81AF-F185395CDA4D}.Debug|x64.ActiveCfg = Debug|x64
		{18888AB3-9191-41AE-81AF-F185395CDA4D}.Debug|x64.Build.0 = Debug|x64
		{18888AB3-9191-41AE-81AF-F185395CDA4D}.Debug|x86.ActiveCfg = Debug|Win32
		{18888AB3-9191-41AE-81AF-F185395CDA4D}.Debug|x86.Build.0 = Debug|Win32
		{18888AB3-9191-41AE-81AF-F185395CDA4D}.Release|x64.ActiveCfg = Release|x64
		{18888AB3-9191-41AE-81AF-F185395CDA4D}.Release|x64.Build.0 = Release|x64
		{18888AB3-9191-41AE-81AF-F185395CDA4D}.Release|x86.ActiveCfg = Release|Win32
		{18888AB3-9191-41AE-81AF-F185395CDA4D}.Release|x86.Build.0 = Release|Win32
		{F40383C2-5D5F-48B7-AA22-101700C02ED0}.Debug|x64.ActiveCfg = Debug|x64
		{F40383C2-5D5F-48B7-AA22-101700C02ED0}.Debug|x64.Build.0 = Debug|x64
		{F40383C2-5D5F-48B7-AA22-101700C02ED0}.Debug|x86.ActiveCfg = Debug|Win32
		{F40383C2-5D5F-48B7-AA22-101700C02ED0}.Debug|x86.Build.0 = Debug|Win32
		{F40383C2-5D5F-48B7-AA22-101700C02ED0}.Release|x64.ActiveCfg = Release|x64
		{F40383C2-5D5F-48B7-AA22-101700C02ED0}.Release|x64.Build.0 = Release|x64
		{F40383C2-5D5F-48B7-AA22-101700C02ED0}.Release|x86.ActiveCfg = Release|Win32
		{F40383C2-5D5F-48B7-AA22-101700C02ED0}.Release|x86.Build.0 = Release|Win32
		{B6FA8926-78F3-458D-A455-58777E9D5C79}.Debug|x64.ActiveCfg = Debug|x64
		{B6FA8926-78F3-458D-A455-58777E9D5C79}.Debug|x64.Build.0 = Debug|x64
		{B6FA8926-78F3-458D-A455-58777E9D5C79}.Debug|x86.ActiveCfg = Debug|Win32
		{B6FA8926-78F3-458D-A455-58777E9D5C79}.Debug|x86.Build.0 = Debug|Win32
		{B6FA8926-78F3-458D-A455-58777E9D5C79}.Release|x64.ActiveCfg = Release|x64
		{B6FA8926-78F3-458D-A455-58777E9D5C79}.Release|x64.Build.0 = Release|x64
		{B6FA8926-78F3-458D-A455-58777E9D5C79}.Release|x86.ActiveCfg = Release|Win32
		{B6FA8926-78F3-458D-A455-58777E9D5C79}.Release|x86.Build.0 = Release|Win32
		{DA5F7F49-92DC-4D3E-998B-594EDEECE998}.Debug|x64.ActiveCfg = Debug|x64
		{DA5F7F49-92DC-4D3E-998B-594EDEECE998}.Debug|x64.Build.0 = Debug|x64
		{DA5F7F49-92DC-4D3E-998B-594EDEECE998}.Debug|x86.ActiveCfg = Debug|Win32
		{DA5F7F49-92DC-4D3E-998B-594EDEECE998}.Debug|x86.Build.0 = Debug|Win32
		{DA5F7F49-92DC-4D3E-998B-594EDEECE998}.Release|x64.ActiveCfg = Release|x64
		{DA5F7F49-92DC-4D3E-998B-594EDEECE998}.Release|x64.Build.0 = Release|x64
		{DA5F7F49-92DC-4D3E-998B-594EDEECE998}.Release|x86.ActiveCfg = Release|Win32
		{DA5F7F49-92DC-4D3E-998B-594EDEECE998}.Release|x86.Build.0 = Release|Win32
		{D130747B-7C0F-4A34-B027-C8D4E5CEE456}.Debug|x64.ActiveCfg = Debug|x64
		{D130747B-7C0F-4A34-B027-C8D4E5CEE456}.Debug|x64.Build.0 = Debug|x64
		{D130747B-7C0F-4A34-B027-C8D4E5CEE456}.Debug|x86.ActiveCfg = Debug|Win32
		{D130747B-7C0F-4A34-B027-C8D4E5CEE456}.Debug|x86.Build.0 = Debug|Win32
		{D130747B-7C0F-4A34-B027-C8D4E5CEE456}.Release|x64.ActiveCfg = Release|x64
		{D130747B-7C0F-4A34-B027-C8D4E5CEE456}.Release|x64.Build.0 = Release|x64
		{D130747B-7C0F-4A34-B027-C8D4E5CEE456}.Release|x86.ActiveCfg = Release|Win32
		{D130747B-7C0F-4A34-B027-C8D4E5CEE456}.Release|x86.Build.0 = Release|Win32
		{080E68F1-5D1F-4412-9645-1BA4CAF03393}.Debug|x64.ActiveCfg = Debug|x64
		{080E68F1-5D1F-4412-9645-1BA4CAF03393}.Debug|x64.Build.0 = Debug|x64
		{080E68F1-5D1F-4412-9645-1BA4CAF03393}.Debug|x86.ActiveCfg = Debug|Win32
		{080E68F1-5D1F-4412-9645-1BA4CAF03393}.Debug|x86.Build.0 = Debug|Win32
		{080E68F1-5D1F-4412-9645-1BA4CAF03393}.Release|x64.ActiveCfg = Release|x64
		{080E68F1-5D1F-4412-9645-1BA4CAF03393}.Release|x64.Build.0 = Release|x64
		{080E68F1-5D1F-4412-9645-1BA4CAF03393}.Release|x86.ActiveCfg = Release|Win32
		{080E68F1-5D1F-4412-9645-1BA4CAF03393}.Release|x86.Build.0 = Release|Win32
	EndGlobalSection
	GlobalSection(SolutionProperties) = preSolution
		HideSolutionNode = FALSE
	EndGlobalSection
	GlobalSection(ExtensibilityGlobals) = postSolution
		SolutionGuid = {A81E315B-1B42-47C5-BDB4-0E3D09CEDCD0}
	EndGlobalSection
EndGlobal
